
Microsoft Visual Studio Solution File, Format Version 12.00
# Visual Studio Version 16
VisualStudioVersion = 16.0.30309.148
MinimumVisualStudioVersion = 10.0.40219.1
Project("{FAE04EC0-301F-11D3-BF4B-00C04F79EFBC}") = "Week5_BookClassinWindows", "Week5_BookClassinWindows.csproj", "{16AFE31D-AE96-4958-AF70-6FA0DA9F1307}"
EndProject
Global
	GlobalSection(SolutionConfigurationPlatforms) = preSolution
		Debug|Any CPU = Debug|Any CPU
		Release|Any CPU = Release|Any CPU
	EndGlobalSection
	GlobalSection(ProjectConfigurationPlatforms) = postSolution
		{16AFE31D-AE96-4958-AF70-6FA0DA9F1307}.Debug|Any CPU.ActiveCfg = Debug|Any CPU
		{16AFE31D-AE96-4958-AF70-6FA0DA9F1307}.Debug|Any CPU.Build.0 = Debug|Any CPU
		{16AFE31D-AE96-4958-AF70-6FA0DA9F1307}.Release|Any CPU.ActiveCfg = Release|Any CPU
		{16AFE31D-AE96-4958-AF70-6FA0DA9F1307}.Release|Any CPU.Build.0 = Release|Any CPU
	EndGlobalSection
	GlobalSection(SolutionProperties) = preSolution
		HideSolutionNode = FALSE
	EndGlobalSection
	GlobalSection(ExtensibilityGlobals) = postSolution
		SolutionGuid = {981567A3-F5B7-4901-B0A6-E34A767E37EC}
	EndGlobalSection
EndGlobal
