
Microsoft Visual Studio Solution File, Format Version 12.00
# Visual Studio 15
VisualStudioVersion = 15.0.28307.705
MinimumVisualStudioVersion = 10.0.40219.1
Project("{FAE04EC0-301F-11D3-BF4B-00C04F79EFBC}") = "ddavis_lab_4", "ddavis_lab_4\ddavis_lab_4.csproj", "{62E38DC0-C861-4A5E-814B-2F0989C50D71}"
EndProject
Global
	GlobalSection(SolutionConfigurationPlatforms) = preSolution
		Debug|Any CPU = Debug|Any CPU
		Release|Any CPU = Release|Any CPU
	EndGlobalSection
	GlobalSection(ProjectConfigurationPlatforms) = postSolution
		{62E38DC0-C861-4A5E-814B-2F0989C50D71}.Debug|Any CPU.ActiveCfg = Debug|Any CPU
		{62E38DC0-C861-4A5E-814B-2F0989C50D71}.Debug|Any CPU.Build.0 = Debug|Any CPU
		{62E38DC0-C861-4A5E-814B-2F0989C50D71}.Release|Any CPU.ActiveCfg = Release|Any CPU
		{62E38DC0-C861-4A5E-814B-2F0989C50D71}.Release|Any CPU.Build.0 = Release|Any CPU
	EndGlobalSection
	GlobalSection(SolutionProperties) = preSolution
		HideSolutionNode = FALSE
	EndGlobalSection
	GlobalSection(ExtensibilityGlobals) = postSolution
		SolutionGuid = {582D77E4-4AFF-49BA-A654-2F7B26DBA031}
	EndGlobalSection
EndGlobal
