
Microsoft Visual Studio Solution File, Format Version 12.00
# Visual Studio 15
VisualStudioVersion = 15.0.28307.779
MinimumVisualStudioVersion = 10.0.40219.1
Project("{FAE04EC0-301F-11D3-BF4B-00C04F79EFBC}") = "ddavis_midterm", "ddavis_midterm\ddavis_midterm.csproj", "{7DF8DE52-97D9-4F6F-8263-26B672C8BAE0}"
EndProject
Global
	GlobalSection(SolutionConfigurationPlatforms) = preSolution
		Debug|Any CPU = Debug|Any CPU
		Release|Any CPU = Release|Any CPU
	EndGlobalSection
	GlobalSection(ProjectConfigurationPlatforms) = postSolution
		{7DF8DE52-97D9-4F6F-8263-26B672C8BAE0}.Debug|Any CPU.ActiveCfg = Debug|Any CPU
		{7DF8DE52-97D9-4F6F-8263-26B672C8BAE0}.Debug|Any CPU.Build.0 = Debug|Any CPU
		{7DF8DE52-97D9-4F6F-8263-26B672C8BAE0}.Release|Any CPU.ActiveCfg = Release|Any CPU
		{7DF8DE52-97D9-4F6F-8263-26B672C8BAE0}.Release|Any CPU.Build.0 = Release|Any CPU
	EndGlobalSection
	GlobalSection(SolutionProperties) = preSolution
		HideSolutionNode = FALSE
	EndGlobalSection
	GlobalSection(ExtensibilityGlobals) = postSolution
		SolutionGuid = {A58D986E-6306-46B3-BB41-C94BA2F288DE}
	EndGlobalSection
EndGlobal
